
Microsoft Visual Studio Solution File, Format Version 12.00
# Visual Studio Version 17
VisualStudioVersion = 17.5.002.0
MinimumVisualStudioVersion = 10.0.40219.1
Project("{9A19103F-16F7-4668-BE54-9A1E7A4F7556}") = "DarkAgesRPG", "DarkAgesRPG.csproj", "{E8D9BD03-F1ED-4CB7-A34E-8D77EF41C98E}"
EndProject
Global
	GlobalSection(SolutionConfigurationPlatforms) = preSolution
		Debug|Any CPU = Debug|Any CPU
		Release|Any CPU = Release|Any CPU
	EndGlobalSection
	GlobalSection(ProjectConfigurationPlatforms) = postSolution
		{E8D9BD03-F1ED-4CB7-A34E-8D77EF41C98E}.Debug|Any CPU.ActiveCfg = Debug|Any CPU
		{E8D9BD03-F1ED-4CB7-A34E-8D77EF41C98E}.Debug|Any CPU.Build.0 = Debug|Any CPU
		{E8D9BD03-F1ED-4CB7-A34E-8D77EF41C98E}.Release|Any CPU.ActiveCfg = Release|Any CPU
		{E8D9BD03-F1ED-4CB7-A34E-8D77EF41C98E}.Release|Any CPU.Build.0 = Release|Any CPU
	EndGlobalSection
	GlobalSection(SolutionProperties) = preSolution
		HideSolutionNode = FALSE
	EndGlobalSection
	GlobalSection(ExtensibilityGlobals) = postSolution
		SolutionGuid = {7050D6AF-767A-4682-981E-D99F83859AC6}
	EndGlobalSection
EndGlobal
